
Microsoft Visual Studio Solution File, Format Version 12.00
# Visual Studio Version 16
VisualStudioVersion = 16.0.30114.105
MinimumVisualStudioVersion = 10.0.40219.1
Project("{2150E333-8FDC-42A3-9474-1A3956D46DE8}") = "src", "src", "{2247D704-BAF5-48DF-986B-393D41C77FB7}"
EndProject
Project("{F2A71F9B-5D33-465A-A702-920D77279786}") = "DDDMadeFunc", "src\DDDMadeFunc\DDDMadeFunc.fsproj", "{C5BB1710-68D1-434B-B025-7FF9AFA7E1F4}"
EndProject
Global
	GlobalSection(SolutionConfigurationPlatforms) = preSolution
		Debug|Any CPU = Debug|Any CPU
		Release|Any CPU = Release|Any CPU
	EndGlobalSection
	GlobalSection(SolutionProperties) = preSolution
		HideSolutionNode = FALSE
	EndGlobalSection
	GlobalSection(ProjectConfigurationPlatforms) = postSolution
		{C5BB1710-68D1-434B-B025-7FF9AFA7E1F4}.Debug|Any CPU.ActiveCfg = Debug|Any CPU
		{C5BB1710-68D1-434B-B025-7FF9AFA7E1F4}.Debug|Any CPU.Build.0 = Debug|Any CPU
		{C5BB1710-68D1-434B-B025-7FF9AFA7E1F4}.Release|Any CPU.ActiveCfg = Release|Any CPU
		{C5BB1710-68D1-434B-B025-7FF9AFA7E1F4}.Release|Any CPU.Build.0 = Release|Any CPU
	EndGlobalSection
	GlobalSection(NestedProjects) = preSolution
		{C5BB1710-68D1-434B-B025-7FF9AFA7E1F4} = {2247D704-BAF5-48DF-986B-393D41C77FB7}
	EndGlobalSection
EndGlobal
